
Microsoft Visual Studio Solution File, Format Version 12.00
# Visual Studio Version 16
VisualStudioVersion = 16.0.30002.166
MinimumVisualStudioVersion = 10.0.40219.1
Project("{FAE04EC0-301F-11D3-BF4B-00C04F79EFBC}") = "ExempleConjuntos", "ExempleConjuntos\ExempleConjuntos.csproj", "{A5888BCC-F6D2-4436-960F-AAF1C846AFB0}"
EndProject
Global
	GlobalSection(SolutionConfigurationPlatforms) = preSolution
		Debug|Any CPU = Debug|Any CPU
		Release|Any CPU = Release|Any CPU
	EndGlobalSection
	GlobalSection(ProjectConfigurationPlatforms) = postSolution
		{A5888BCC-F6D2-4436-960F-AAF1C846AFB0}.Debug|Any CPU.ActiveCfg = Debug|Any CPU
		{A5888BCC-F6D2-4436-960F-AAF1C846AFB0}.Debug|Any CPU.Build.0 = Debug|Any CPU
		{A5888BCC-F6D2-4436-960F-AAF1C846AFB0}.Release|Any CPU.ActiveCfg = Release|Any CPU
		{A5888BCC-F6D2-4436-960F-AAF1C846AFB0}.Release|Any CPU.Build.0 = Release|Any CPU
	EndGlobalSection
	GlobalSection(SolutionProperties) = preSolution
		HideSolutionNode = FALSE
	EndGlobalSection
	GlobalSection(ExtensibilityGlobals) = postSolution
		SolutionGuid = {C5197B90-26F1-464B-857E-169841D0CEA6}
	EndGlobalSection
EndGlobal
